{
    "_meta": {
        "hash": {
            "sha256": "adb89fcc3e9536bea50bba07d0d9958a9c04459de3e07eb864dd1dff00196b11"
        },
        "pipfile-spec": 6,
        "requires": {
            "python_version": "3.7"
        },
        "sources": [
            {
                "name": "pypi",
                "url": "https://pypi.org/simple",
                "verify_ssl": true
            }
        ]
    },
    "default": {
        "fastapi": {
            "hashes": [
                "sha256:50b58aa3e7d5bcb4a4404ac7e550cc53f0cf7ca0fd13c7fd515693dc23c9caef",
                "sha256:c04dacd3deed0fd0ffdcdb116b5a04ffa257656885be7fae7234f4f62ec4a0a9"
            ],
            "index": "pypi",
            "version": "==0.59.0"
        },
        "pipfile": {
            "hashes": [
                "sha256:f7d9f15de8b660986557eb3cc5391aa1a16207ac41bc378d03f414762d36c984"
            ],
            "index": "pypi",
            "version": "==0.0.2"
        },
        "pydantic": {
            "hashes": [
                "sha256:1998e5f783c37853c6dfc1e6ba3a0cc486798b26920822b569ea883b38fd39eb",
                "sha256:1ab625f56534edd1ecec5871e0777c9eee1c7b38f1963d97c4a78b09daf89526",
                "sha256:1c97f90056c2811d58a6343f6352820c531e822941303a16ccebb77bbdcd4a98",
                "sha256:2b49f9ecefcdee47f6b70fd475160eeda01c28507137d9c1ed41a758d231c060",
                "sha256:390844ede21e29e762c0017e46b4105edee9dcdc0119ce1aa8ab6fe58448bd2f",
                "sha256:4aa11a8a65fa891489d9e4e8f05299d80b000c554ce18b03bb1b5f0afe5b73f4",
                "sha256:61e3cde8e7b8517615da5341e0b28cc01de507e7ac9174c3c0e95069482dcbeb",
                "sha256:6ea91ec880de48699c4a01aa92ac8c3a71363bb6833bf031cb6aa2b99567d5ab",
                "sha256:8154df22783601d9693712d1cee284c596cdb5d6817f57c1624bcb54e4611eba",
                "sha256:82242b0458b0a5bad0c15c36d461b2bd99eec2d807c0c5263f802ba30cb856f0",
                "sha256:a12e2fc2f5529b6aeb956f30a2b5efe46283b69e965888cd683cd1a04d75a1b8",
                "sha256:aedd4df265600889907d2c74dc0432709b0ac91712f85f3ffa605b40a00f2577",
                "sha256:b1c229e595b53d1397435fb7433c841c5bc4032ba81f901156124b9d077b5f6a",
                "sha256:d88e55dc77241e2b78139dac33ad5edc3fd78b0c6e635824e4eeba6679371707",
                "sha256:dd78ccb5cfe26ae6bc3d2a1b47b18a5267f88be43cb768aa6bea470c4ac17099",
                "sha256:de093dcf6a8c6a2f92f8ac28b713b9f4ad80f1e664bdc9232ad06ac912c559fc",
                "sha256:df5c511b8af11834b3061b33211e0aefb4fb8e2f94b939aa51d844cae22bad5c"
            ],
            "version": "==1.6"
        },
        "redis": {
            "hashes": [
                "sha256:0e7e0cfca8660dea8b7d5cd8c4f6c5e29e11f31158c0b0ae91a397f00e5a05a2",
                "sha256:432b788c4530cfe16d8d943a09d40ca6c16149727e4afe8c2c9d5580c59d9f24"
            ],
            "index": "pypi",
            "version": "==3.5.3"
        },
        "starlette": {
            "hashes": [
                "sha256:04fe51d86fd9a594d9b71356ed322ccde5c9b448fc716ac74155e5821a922f8d",
                "sha256:0fb4b38d22945b46acb880fedee7ee143fd6c0542992501be8c45c0ed737dd1a"
            ],
            "version": "==0.13.4"
        },
        "toml": {
            "hashes": [
                "sha256:926b612be1e5ce0634a2ca03470f95169cf16f939018233a670519cb4ac58b0f",
                "sha256:bda89d5935c2eac546d648028b9901107a595863cb36bae0c73ac804a9b4ce88"
            ],
            "version": "==0.10.1"
        }
    },
    "develop": {}
}
